
Microsoft Visual Studio Solution File, Format Version 12.00
# Visual Studio Version 17
VisualStudioVersion = 17.14.36414.22 d17.14
MinimumVisualStudioVersion = 10.0.40219.1
Project("{FAE04EC0-301F-11D3-BF4B-00C04F79EFBC}") = "PassGenerator", "PassGenerator\PassGenerator.csproj", "{51004BC2-443A-446C-9F85-F91E43F9967D}"
EndProject
Global
	GlobalSection(SolutionConfigurationPlatforms) = preSolution
		Debug|Any CPU = Debug|Any CPU
		Release|Any CPU = Release|Any CPU
	EndGlobalSection
	GlobalSection(ProjectConfigurationPlatforms) = postSolution
		{51004BC2-443A-446C-9F85-F91E43F9967D}.Debug|Any CPU.ActiveCfg = Debug|Any CPU
		{51004BC2-443A-446C-9F85-F91E43F9967D}.Debug|Any CPU.Build.0 = Debug|Any CPU
		{51004BC2-443A-446C-9F85-F91E43F9967D}.Release|Any CPU.ActiveCfg = Release|Any CPU
		{51004BC2-443A-446C-9F85-F91E43F9967D}.Release|Any CPU.Build.0 = Release|Any CPU
	EndGlobalSection
	GlobalSection(SolutionProperties) = preSolution
		HideSolutionNode = FALSE
	EndGlobalSection
	GlobalSection(ExtensibilityGlobals) = postSolution
		SolutionGuid = {33EC95E5-FA5E-415D-B57B-84BF534D00BE}
	EndGlobalSection
EndGlobal
